<?xml version="1.0" encoding="utf-8"?>
<Project ToolsVersion="4.0" xmlns="http://schemas.microsoft.com/developer/msbuild/2003">
  <ItemGroup>
    <FxCompile Include="DecalPS.hlsl" />
    <FxCompile Include="LightMapPS.hlsl" />
    <FxCompile Include="LightMapVS.hlsl" />
    <FxCompile Include="ObjInstanceVS.hlsl" />
    <FxCompile Include="ObjPS.hlsl" />
    <FxCompile Include="ObjVS.hlsl" />
    <FxCompile Include="PickupPS.hlsl" />
    <FxCompile Include="PickupVS.hlsl" />
    <FxCompile Include="UI_PS.hlsl" />
    <FxCompile Include="UI_VS.hlsl" />
  </ItemGroup>
  <ItemGroup>
    <ClCompile Include="Main.cpp">
      <Filter>Source Files</Filter>
    </ClCompile>
    <ClCompile Include="Backend.cpp">
      <Filter>System</Filter>
    </ClCompile>
    <ClCompile Include="Window.cpp">
      <Filter>System\Window</Filter>
    </ClCompile>
    <ClCompile Include="Game.cpp">
      <Filter>Game</Filter>
    </ClCompile>
    <ClCompile Include="Mouse.cpp">
      <Filter>Source Files</Filter>
    </ClCompile>
    <ClCompile Include="ObjParser.cpp">
      <Filter>Source Files\Temp Parser</Filter>
    </ClCompile>
    <ClCompile Include="Keyboard.cpp">
      <Filter>Source Files</Filter>
    </ClCompile>
    <ClCompile Include="ObjectRender.cpp">
      <Filter>System\Object Renderer</Filter>
    </ClCompile>
    <ClCompile Include="MeshStorage.cpp">
      <Filter>Source Files\Temp Parser</Filter>
    </ClCompile>
    <ClCompile Include="Material.cpp">
      <Filter>Source Files\Temp Objekt &amp; Material</Filter>
    </ClCompile>
    <ClCompile Include="MainMenu.cpp">
      <Filter>Game\Scene</Filter>
    </ClCompile>
    <ClCompile Include="EasyLevel.cpp">
      <Filter>Game\Scene</Filter>
    </ClCompile>
    <ClCompile Include="Sprite.cpp">
      <Filter>System\UI</Filter>
    </ClCompile>
    <ClCompile Include="UIRender.cpp">
      <Filter>System\UI</Filter>
    </ClCompile>
    <ClCompile Include="Transform.cpp">
      <Filter>Object</Filter>
    </ClCompile>
    <ClCompile Include="Object.cpp">
      <Filter>Object</Filter>
    </ClCompile>
    <ClCompile Include="Collision.cpp">
      <Filter>Object</Filter>
    </ClCompile>
    <ClCompile Include="Pickup.cpp">
      <Filter>Object\Pickups</Filter>
    </ClCompile>
    <ClCompile Include="Playground.cpp">
      <Filter>Game\Scene</Filter>
    </ClCompile>
    <ClCompile Include="Character.cpp">
      <Filter>Source Files</Filter>
    </ClCompile>
    <ClCompile Include="LightHandler.cpp">
      <Filter>System\Lights</Filter>
    </ClCompile>
    <ClCompile Include="CharacterCamera.cpp">
      <Filter>Game\Scene\Cameras</Filter>
    </ClCompile>
    <ClCompile Include="CameraBase.cpp">
      <Filter>Game\Scene\Cameras</Filter>
    </ClCompile>
    <ClCompile Include="FreelookCamera.cpp">
      <Filter>Game\Scene\Cameras</Filter>
    </ClCompile>
  </ItemGroup>
  <ItemGroup>
    <ClInclude Include="Backend.h">
      <Filter>System</Filter>
    </ClInclude>
    <ClInclude Include="Window.h">
      <Filter>System\Window</Filter>
    </ClInclude>
    <ClInclude Include="Game.h">
      <Filter>Game</Filter>
    </ClInclude>
    <ClInclude Include="ObjParser.h">
      <Filter>Source Files\Temp Parser</Filter>
    </ClInclude>
    <ClInclude Include="Keyboard.h">
      <Filter>Source Files</Filter>
    </ClInclude>
    <ClInclude Include="ObjectRender.h">
      <Filter>System\Object Renderer</Filter>
    </ClInclude>
    <ClInclude Include="MeshStorage.h">
      <Filter>Source Files\Temp Parser</Filter>
    </ClInclude>
    <ClInclude Include="Material.h">
      <Filter>Source Files\Temp Objekt &amp; Material</Filter>
    </ClInclude>
    <ClInclude Include="Scene.h">
      <Filter>Game\Scene</Filter>
    </ClInclude>
    <ClInclude Include="MainMenu.h">
      <Filter>Game\Scene</Filter>
    </ClInclude>
    <ClInclude Include="EasyLevel.h">
      <Filter>Game\Scene</Filter>
    </ClInclude>
    <ClInclude Include="Sprite.h">
      <Filter>System\UI</Filter>
    </ClInclude>
    <ClInclude Include="UIRender.h">
      <Filter>System\UI</Filter>
    </ClInclude>
    <ClInclude Include="Mouse.h">
      <Filter>Source Files</Filter>
    </ClInclude>
    <ClInclude Include="Transform.h">
      <Filter>Object</Filter>
    </ClInclude>
    <ClInclude Include="Object.h">
      <Filter>Object</Filter>
    </ClInclude>
    <ClInclude Include="Collision.h">
      <Filter>Object</Filter>
    </ClInclude>
    <ClInclude Include="stb_image.h">
      <Filter>Header Files</Filter>
    </ClInclude>
    <ClInclude Include="Character.h">
      <Filter>Header Files</Filter>
    </ClInclude>
    <ClInclude Include="Playground.h">
      <Filter>Game\Scene</Filter>
    </ClInclude>
    <ClInclude Include="LightHandler.h">
      <Filter>System\Lights</Filter>
    </ClInclude>
    <ClInclude Include="CharacterCamera.h">
      <Filter>Game\Scene\Cameras</Filter>
    </ClInclude>
    <ClInclude Include="CameraBase.h">
      <Filter>Game\Scene\Cameras</Filter>
    </ClInclude>
    <ClInclude Include="FreelookCamera.h">
      <Filter>Game\Scene\Cameras</Filter>
    </ClInclude>
    <ClInclude Include="Pickup.h">
      <Filter>Object\Pickups</Filter>
    </ClInclude>
  </ItemGroup>
  <ItemGroup>
    <ClInclude Include="Backend.h" />
    <ClInclude Include="CameraBase.h" />
    <ClInclude Include="Character.h" />
    <ClInclude Include="CharacterCamera.h" />
    <ClInclude Include="Collision.h" />
    <ClInclude Include="DecalShadow.h" />
    <ClInclude Include="FreelookCamera.h" />
    <ClInclude Include="Game.h" />
    <ClInclude Include="InstancedObject.h" />
    <ClInclude Include="Keyboard.h" />
    <ClInclude Include="EasyLevel.h" />
    <ClInclude Include="LightHandler.h" />
    <ClInclude Include="MainMenu.h" />
    <ClInclude Include="Material.h" />
    <ClInclude Include="MeshStorage.h" />
    <ClInclude Include="Mouse.h" />
    <ClInclude Include="Object.h" />
    <ClInclude Include="ObjectRender.h" />
    <ClInclude Include="ObjParser.h" />
    <ClInclude Include="Pickup.h" />
    <ClInclude Include="Playground.h" />
    <ClInclude Include="Scene.h" />
    <ClInclude Include="stb_image.h" />
    <ClInclude Include="Transform.h" />
    <ClInclude Include="Sprite.h" />
    <ClInclude Include="UIRender.h" />
    <ClInclude Include="Window.h" />
  </ItemGroup>
</Project>