<?xml version="1.0" encoding="utf-8"?>
<Project ToolsVersion="4.0" xmlns="http://schemas.microsoft.com/developer/msbuild/2003">
  <ItemGroup>
    <Filter Include="Source Files">
      <UniqueIdentifier>{4FC737F1-C7A5-4376-A066-2A32D752A2FF}</UniqueIdentifier>
      <Extensions>cpp;c;cc;cxx;c++;cppm;ixx;def;odl;idl;hpj;bat;asm;asmx</Extensions>
    </Filter>
    <Filter Include="Header Files">
      <UniqueIdentifier>{93995380-89BD-4b04-88EB-625FBE52EBFB}</UniqueIdentifier>
      <Extensions>h;hh;hpp;hxx;h++;hm;inl;inc;ipp;xsd</Extensions>
    </Filter>
    <Filter Include="Resource Files">
      <UniqueIdentifier>{67DA6AB6-F800-4c08-8B7A-83BB121AAD01}</UniqueIdentifier>
      <Extensions>rc;ico;cur;bmp;dlg;rc2;rct;bin;rgs;gif;jpg;jpeg;jpe;resx;tiff;tif;png;wav;mfcribbon-ms</Extensions>
    </Filter>
    <Filter Include="System">
      <UniqueIdentifier>{efa9caa1-17a4-4304-bcad-5e29946db26f}</UniqueIdentifier>
    </Filter>
    <Filter Include="System\Window">
      <UniqueIdentifier>{a25c0885-3f78-46f8-b456-0902ccf42502}</UniqueIdentifier>
    </Filter>
    <Filter Include="Game">
      <UniqueIdentifier>{83fa01b3-1214-4fef-80a5-d747673a9691}</UniqueIdentifier>
    </Filter>
    <Filter Include="Source Files\Temp Parser">
      <UniqueIdentifier>{10d7b968-f034-4ef2-9126-5560013bb505}</UniqueIdentifier>
    </Filter>
    <Filter Include="Source Files\Temp Objekt &amp; Material">
      <UniqueIdentifier>{536c6928-00e0-4aae-a8ea-c94ee7039f66}</UniqueIdentifier>
    </Filter>
    <Filter Include="System\Shaders">
      <UniqueIdentifier>{9bf0b20e-6557-4181-8615-d970074c9713}</UniqueIdentifier>
    </Filter>
    <Filter Include="System\Object Renderer">
      <UniqueIdentifier>{91705ca3-9428-47b2-8af8-15ebb13e6a04}</UniqueIdentifier>
    </Filter>
    <Filter Include="Game\Scene">
      <UniqueIdentifier>{e4854ccf-d890-4b9d-9b3d-3b2997671cb2}</UniqueIdentifier>
    </Filter>
    <Filter Include="System\UI">
      <UniqueIdentifier>{e325052b-dbc4-4b4e-8f97-479875bd4f02}</UniqueIdentifier>
    </Filter>
    <Filter Include="Object">
      <UniqueIdentifier>{a4db5131-0b2a-4024-8b1a-295702eccbc6}</UniqueIdentifier>
    </Filter>
    <Filter Include="Object\Pickups">
      <UniqueIdentifier>{6401f6fb-cbb1-4bf3-a40f-e4b9d0f6e6c0}</UniqueIdentifier>
    </Filter>
    <Filter Include="Source Files\Points">
      <UniqueIdentifier>{f356e2fd-4963-4f8f-8d1e-5f1aa64cf0b7}</UniqueIdentifier>
    </Filter>
  </ItemGroup>
  <ItemGroup>
    <ClCompile Include="Main.cpp">
      <Filter>Source Files</Filter>
    </ClCompile>
    <ClCompile Include="Backend.cpp">
      <Filter>System</Filter>
    </ClCompile>
    <ClCompile Include="Window.cpp">
      <Filter>System\Window</Filter>
    </ClCompile>
    <ClCompile Include="Game.cpp">
      <Filter>Game</Filter>
    </ClCompile>
    <ClCompile Include="Mouse.cpp">
      <Filter>Source Files</Filter>
    </ClCompile>
    <ClCompile Include="ObjParser.cpp">
      <Filter>Source Files\Temp Parser</Filter>
    </ClCompile>
    <ClCompile Include="Keyboard.cpp">
      <Filter>Source Files</Filter>
    </ClCompile>
    <ClCompile Include="ObjectRender.cpp">
      <Filter>System\Object Renderer</Filter>
    </ClCompile>
    <ClCompile Include="MeshStorage.cpp">
      <Filter>Source Files\Temp Parser</Filter>
    </ClCompile>
    <ClCompile Include="Material.cpp">
      <Filter>Source Files\Temp Objekt &amp; Material</Filter>
    </ClCompile>
    <ClCompile Include="MainMenu.cpp">
      <Filter>Game\Scene</Filter>
    </ClCompile>
    <ClCompile Include="EasyLevel.cpp">
      <Filter>Game\Scene</Filter>
    </ClCompile>
    <ClCompile Include="Sprite.cpp">
      <Filter>System\UI</Filter>
    </ClCompile>
    <ClCompile Include="UIRender.cpp">
      <Filter>System\UI</Filter>
    </ClCompile>
    <ClCompile Include="CharacterCamera.cpp">
      <Filter>Game\Scene</Filter>
    </ClCompile>
    <ClCompile Include="Transform.cpp">
      <Filter>Object</Filter>
    </ClCompile>
    <ClCompile Include="Object.cpp">
      <Filter>Object</Filter>
    </ClCompile>
    <ClCompile Include="Collision.cpp">
      <Filter>Object</Filter>
    </ClCompile>
    <ClCompile Include="Pickup.cpp">
      <Filter>Object\Pickups</Filter>
    </ClCompile>
    <ClCompile Include="Playground.cpp">
      <Filter>Game\Scene</Filter>
    </ClCompile>
    <ClCompile Include="Character.cpp">
      <Filter>Object</Filter>
    </ClCompile>
    <ClCompile Include="Points.cpp">
      <Filter>Source Files\Points</Filter>
    </ClCompile>
  </ItemGroup>
  <ItemGroup>
    <ClInclude Include="Backend.h">
      <Filter>System</Filter>
    </ClInclude>
    <ClInclude Include="Window.h">
      <Filter>System\Window</Filter>
    </ClInclude>
    <ClInclude Include="Game.h">
      <Filter>Game</Filter>
    </ClInclude>
    <ClInclude Include="ObjParser.h">
      <Filter>Source Files\Temp Parser</Filter>
    </ClInclude>
    <ClInclude Include="Keyboard.h">
      <Filter>Source Files</Filter>
    </ClInclude>
    <ClInclude Include="ObjectRender.h">
      <Filter>System\Object Renderer</Filter>
    </ClInclude>
    <ClInclude Include="MeshStorage.h">
      <Filter>Source Files\Temp Parser</Filter>
    </ClInclude>
    <ClInclude Include="Material.h">
      <Filter>Source Files\Temp Objekt &amp; Material</Filter>
    </ClInclude>
    <ClInclude Include="Scene.h">
      <Filter>Game\Scene</Filter>
    </ClInclude>
    <ClInclude Include="MainMenu.h">
      <Filter>Game\Scene</Filter>
    </ClInclude>
    <ClInclude Include="EasyLevel.h">
      <Filter>Game\Scene</Filter>
    </ClInclude>
    <ClInclude Include="Sprite.h">
      <Filter>System\UI</Filter>
    </ClInclude>
    <ClInclude Include="UIRender.h">
      <Filter>System\UI</Filter>
    </ClInclude>
    <ClInclude Include="CharacterCamera.h">
      <Filter>Game\Scene</Filter>
    </ClInclude>
    <ClInclude Include="Mouse.h">
      <Filter>Source Files</Filter>
    </ClInclude>
    <ClInclude Include="Transform.h">
      <Filter>Object</Filter>
    </ClInclude>
    <ClInclude Include="Object.h">
      <Filter>Object</Filter>
    </ClInclude>
    <ClInclude Include="Collision.h">
      <Filter>Object</Filter>
    </ClInclude>
    <ClInclude Include="stb_image.h">
      <Filter>Header Files</Filter>
    </ClInclude>
    <ClInclude Include="Pickup.h">
      <Filter>Header Files</Filter>
    </ClInclude>
    <ClInclude Include="Playground.h">
      <Filter>Game\Scene</Filter>
    </ClInclude>
    <ClInclude Include="Character.h">
      <Filter>Object</Filter>
    </ClInclude>
    <ClInclude Include="Points.h">
      <Filter>Source Files\Points</Filter>
    </ClInclude>
  </ItemGroup>
  <ItemGroup>
    <FxCompile Include="ObjVS.hlsl">
      <Filter>System\Shaders</Filter>
    </FxCompile>
    <FxCompile Include="ObjPS.hlsl">
      <Filter>System\Shaders</Filter>
    </FxCompile>
    <FxCompile Include="UI_VS.hlsl">
      <Filter>System\UI</Filter>
    </FxCompile>
    <FxCompile Include="UI_PS.hlsl">
      <Filter>System\UI</Filter>
    </FxCompile>
    <FxCompile Include="ObjInstanceVS.hlsl">
      <Filter>System\Shaders</Filter>
    </FxCompile>
    <FxCompile Include="PickupPS.hlsl">
      <Filter>System\Shaders</Filter>
    </FxCompile>
    <FxCompile Include="PickupVS.hlsl">
      <Filter>System\Shaders</Filter>
    </FxCompile>
  </ItemGroup>
</Project>