<?xml version="1.0" encoding="utf-8"?>
<Project ToolsVersion="4.0" xmlns="http://schemas.microsoft.com/developer/msbuild/2003">
  <ItemGroup>
    <FxCompile Include="ObjPS.hlsl" />
    <FxCompile Include="ObjVS.hlsl" />
    <FxCompile Include="BlurCS.hlsl">
      <Filter>Shaders</Filter>
    </FxCompile>
    <FxCompile Include="ColourPS.hlsl">
      <Filter>Shaders</Filter>
    </FxCompile>
    <FxCompile Include="DownSamplePS.hlsl">
      <Filter>Shaders</Filter>
    </FxCompile>
    <FxCompile Include="LightMapCS.hlsl">
      <Filter>Shaders</Filter>
    </FxCompile>
    <FxCompile Include="LightMapPS.hlsl">
      <Filter>Shaders</Filter>
    </FxCompile>
    <FxCompile Include="LightMapVS.hlsl">
      <Filter>Shaders</Filter>
    </FxCompile>
    <FxCompile Include="LineVS.hlsl">
      <Filter>Shaders</Filter>
    </FxCompile>
    <FxCompile Include="ObjInstanceVS.hlsl">
      <Filter>Shaders</Filter>
    </FxCompile>
    <FxCompile Include="ObjPsOutline.hlsl">
      <Filter>Shaders</Filter>
    </FxCompile>
    <FxCompile Include="ObjVsOutline.hlsl">
      <Filter>Shaders</Filter>
    </FxCompile>
    <FxCompile Include="PickupPS.hlsl">
      <Filter>Shaders</Filter>
    </FxCompile>
    <FxCompile Include="PickupVS.hlsl">
      <Filter>Shaders</Filter>
    </FxCompile>
    <FxCompile Include="PosOnlyInstanceVS.hlsl">
      <Filter>Shaders</Filter>
    </FxCompile>
    <FxCompile Include="PosOnlyVS.hlsl">
      <Filter>Shaders</Filter>
    </FxCompile>
    <FxCompile Include="screenQuadVS.hlsl">
      <Filter>Shaders</Filter>
    </FxCompile>
    <FxCompile Include="SkyBoxPS.hlsl">
      <Filter>Shaders</Filter>
    </FxCompile>
    <FxCompile Include="SkyBoxVS.hlsl">
      <Filter>Shaders</Filter>
    </FxCompile>
    <FxCompile Include="UI_PS.hlsl">
      <Filter>Shaders</Filter>
    </FxCompile>
    <FxCompile Include="UI_VS.hlsl">
      <Filter>Shaders</Filter>
    </FxCompile>
    <FxCompile Include="UpSamplePS.hlsl">
      <Filter>Shaders</Filter>
    </FxCompile>
    <FxCompile Include="DecalPS.hlsl">
      <Filter>Shaders</Filter>
    </FxCompile>
    <FxCompile Include="JoyPS.hlsl">
      <Filter>Shaders</Filter>
    </FxCompile>
  </ItemGroup>
  <ItemGroup>
    <ClCompile Include="DecalShadow.cpp" />
    <ClCompile Include="Game.cpp" />
    <ClCompile Include="HighscoreClass.cpp" />
    <ClCompile Include="Keyboard.cpp" />
    <ClCompile Include="LightHandler.cpp" />
    <ClCompile Include="Main.cpp" />
    <ClCompile Include="MapSections.cpp" />
    <ClCompile Include="MeshStorage.cpp" />
    <ClCompile Include="Mouse.cpp" />
    <ClCompile Include="Object.cpp" />
    <ClCompile Include="ObjectRender.cpp" />
    <ClCompile Include="PausMenu.cpp" />
    <ClCompile Include="Pickup.cpp" />
    <ClCompile Include="JoyPostProcess.cpp" />
    <ClCompile Include="Text.cpp" />
    <ClCompile Include="Transform.cpp" />
    <ClCompile Include="Sprite.cpp" />
    <ClCompile Include="UIRender.cpp" />
    <ClCompile Include="Window.cpp" />
    <ClCompile Include="Backend.cpp">
      <Filter>System</Filter>
    </ClCompile>
    <ClCompile Include="CameraBase.cpp">
      <Filter>Cameras</Filter>
    </ClCompile>
    <ClCompile Include="CharacterCamera.cpp">
      <Filter>Cameras</Filter>
    </ClCompile>
    <ClCompile Include="Character.cpp">
      <Filter>Objects</Filter>
    </ClCompile>
    <ClCompile Include="Collision.cpp">
      <Filter>Objects</Filter>
    </ClCompile>
    <ClCompile Include="Computer.cpp">
      <Filter>Objects</Filter>
    </ClCompile>
    <ClCompile Include="EasyLevel.cpp">
      <Filter>Scenes</Filter>
    </ClCompile>
    <ClCompile Include="FreelookCamera.cpp">
      <Filter>Cameras</Filter>
    </ClCompile>
    <ClCompile Include="imgui\imgui.cpp">
      <Filter>Imgui</Filter>
    </ClCompile>
    <ClCompile Include="imgui\imgui_demo.cpp">
      <Filter>Imgui</Filter>
    </ClCompile>
    <ClCompile Include="imgui\imgui_draw.cpp">
      <Filter>Imgui</Filter>
    </ClCompile>
    <ClCompile Include="imgui\imgui_impl_dx11.cpp">
      <Filter>Imgui</Filter>
    </ClCompile>
    <ClCompile Include="imgui\imgui_impl_win32.cpp">
      <Filter>Imgui</Filter>
    </ClCompile>
    <ClCompile Include="imgui\imgui_tables.cpp">
      <Filter>Imgui</Filter>
    </ClCompile>
    <ClCompile Include="imgui\imgui_widgets.cpp">
      <Filter>Imgui</Filter>
    </ClCompile>
    <ClCompile Include="ImguiSetup.cpp">
      <Filter>Imgui</Filter>
    </ClCompile>
    <ClCompile Include="InstancedObject.cpp">
      <Filter>Objects</Filter>
    </ClCompile>
    <ClCompile Include="MainMenu.cpp">
      <Filter>Scenes</Filter>
    </ClCompile>
    <ClCompile Include="Playground.cpp">
      <Filter>Scenes</Filter>
    </ClCompile>
  </ItemGroup>
  <ItemGroup>
    <ClInclude Include="DecalShadow.h" />
    <ClInclude Include="Game.h" />
    <ClInclude Include="HighscoreClass.h" />
    <ClInclude Include="Keyboard.h" />
    <ClInclude Include="LightHandler.h" />
    <ClInclude Include="MapSections.h" />
    <ClInclude Include="MeshStorage.h" />
    <ClInclude Include="Mouse.h" />
    <ClInclude Include="Object.h" />
    <ClInclude Include="ObjectHelper.h" />
    <ClInclude Include="ObjectRender.h" />
    <ClInclude Include="PausMenu.h" />
    <ClInclude Include="Pickup.h" />
    <ClInclude Include="JoyPostProcess.h" />
    <ClInclude Include="ShaderStorage.h" />
    <ClInclude Include="Skybox.h" />
    <ClInclude Include="SoundSystem.h" />
    <ClInclude Include="stb_image.h" />
    <ClInclude Include="Text.h" />
    <ClInclude Include="Transform.h" />
    <ClInclude Include="Sprite.h" />
    <ClInclude Include="UIElement.h" />
    <ClInclude Include="UIRender.h" />
    <ClInclude Include="Window.h" />
    <ClInclude Include="Backend.h">
      <Filter>System</Filter>
    </ClInclude>
    <ClInclude Include="CameraBase.h">
      <Filter>Cameras</Filter>
    </ClInclude>
    <ClInclude Include="CharacterCamera.h">
      <Filter>Cameras</Filter>
    </ClInclude>
    <ClInclude Include="Character.h">
      <Filter>Objects</Filter>
    </ClInclude>
    <ClInclude Include="Collision.h">
      <Filter>Objects</Filter>
    </ClInclude>
    <ClInclude Include="Computer.h">
      <Filter>Objects</Filter>
    </ClInclude>
    <ClInclude Include="EasyLevel.h">
      <Filter>Scenes</Filter>
    </ClInclude>
    <ClInclude Include="FreelookCamera.h">
      <Filter>Cameras</Filter>
    </ClInclude>
    <ClInclude Include="imgui\imconfig.h">
      <Filter>Imgui</Filter>
    </ClInclude>
    <ClInclude Include="imgui\imgui.h">
      <Filter>Imgui</Filter>
    </ClInclude>
    <ClInclude Include="imgui\imgui_impl_dx11.h">
      <Filter>Imgui</Filter>
    </ClInclude>
    <ClInclude Include="imgui\imgui_impl_win32.h">
      <Filter>Imgui</Filter>
    </ClInclude>
    <ClInclude Include="imgui\imgui_internal.h">
      <Filter>Imgui</Filter>
    </ClInclude>
    <ClInclude Include="ImguiSetup.h">
      <Filter>Imgui</Filter>
    </ClInclude>
    <ClInclude Include="imgui\imstb_rectpack.h">
      <Filter>Imgui</Filter>
    </ClInclude>
    <ClInclude Include="imgui\imstb_textedit.h">
      <Filter>Imgui</Filter>
    </ClInclude>
    <ClInclude Include="imgui\imstb_truetype.h">
      <Filter>Imgui</Filter>
    </ClInclude>
    <ClInclude Include="InstancedObject.h">
      <Filter>Objects</Filter>
    </ClInclude>
    <ClInclude Include="MainMenu.h">
      <Filter>Scenes</Filter>
    </ClInclude>
    <ClInclude Include="Playground.h">
      <Filter>Scenes</Filter>
    </ClInclude>
    <ClInclude Include="Scene.h">
      <Filter>Scenes</Filter>
    </ClInclude>
  </ItemGroup>
  <ItemGroup>
    <None Include="packages.config" />
  </ItemGroup>
  <ItemGroup>
    <Filter Include="Scenes">
      <UniqueIdentifier>{e8e208a4-9974-48a8-a098-bae0122745b3}</UniqueIdentifier>
    </Filter>
    <Filter Include="Shaders">
      <UniqueIdentifier>{0b587515-77c0-4767-9511-29bcfddda481}</UniqueIdentifier>
    </Filter>
    <Filter Include="Objects">
      <UniqueIdentifier>{26c25a80-1fae-4fc0-9e9b-246776888745}</UniqueIdentifier>
    </Filter>
    <Filter Include="System">
      <UniqueIdentifier>{c2793faf-c8bc-4554-83c5-b91cd2a46cde}</UniqueIdentifier>
    </Filter>
    <Filter Include="Cameras">
      <UniqueIdentifier>{910d2fa6-769b-4f85-8080-74f4170e650d}</UniqueIdentifier>
    </Filter>
    <Filter Include="Imgui">
      <UniqueIdentifier>{11749311-341e-4747-be9f-37101fecbf38}</UniqueIdentifier>
    </Filter>
  </ItemGroup>
</Project>